
Microsoft Visual Studio Solution File, Format Version 12.00
# Visual Studio 15
VisualStudioVersion = 15.0.26014.0
MinimumVisualStudioVersion = 10.0.40219.1
Project("{8BC9CEB8-8B4A-11D0-8D11-00A0C91BC942}") = "Template", "Template\Template.vcxproj", "{1CC91340-79CE-4192-AFFF-B5DEA3661DC7}"
EndProject
Project("{8BC9CEB8-8B4A-11D0-8D11-00A0C91BC942}") = "Hungary", "Hungary\Hungary.vcxproj", "{22DAC23F-2B7D-4C7A-9DB9-5F6A505D7DA8}"
EndProject
Project("{FAE04EC0-301F-11D3-BF4B-00C04F79EFBC}") = "Maker", "Maker\Maker.csproj", "{28673F01-042D-417B-9CF2-323236A6CAB6}"
EndProject
Project("{2150E333-8FDC-42A3-9474-1A3956D46DE8}") = "CSharp", "CSharp", "{8D1D94FC-71C2-4B2D-80B7-E66FAA69B091}"
EndProject
Project("{2150E333-8FDC-42A3-9474-1A3956D46DE8}") = "C++", "C++", "{CF43F250-F3CD-4A2B-A9F3-E5CA72676848}"
EndProject
Project("{8BC9CEB8-8B4A-11D0-8D11-00A0C91BC942}") = "Tarjan", "Tarjan\Tarjan.vcxproj", "{979CADDE-3C41-4518-9C6D-CFC29E53D756}"
EndProject
Project("{8BC9CEB8-8B4A-11D0-8D11-00A0C91BC942}") = "KM", "KM\KM.vcxproj", "{18D87201-718E-42B2-AAE6-C961819DA398}"
EndProject
Project("{8BC9CEB8-8B4A-11D0-8D11-00A0C91BC942}") = "Fleury", "Fleury\Fleury.vcxproj", "{8C13BC1A-B2B8-4DCE-95C9-7DB99C15FA1A}"
EndProject
Project("{2150E333-8FDC-42A3-9474-1A3956D46DE8}") = "Graph", "Graph", "{F8627B9D-4255-4E5B-88DE-3FA99EB85E0A}"
EndProject
Project("{8BC9CEB8-8B4A-11D0-8D11-00A0C91BC942}") = "Dinic", "Dinic\Dinic.vcxproj", "{883F1404-EA92-4E67-8398-E257BAE32E15}"
EndProject
Project("{8BC9CEB8-8B4A-11D0-8D11-00A0C91BC942}") = "KthPath", "KthPath\KthPath.vcxproj", "{58909F2E-0A48-4039-83E6-5557D6F7B9FA}"
EndProject
Project("{2150E333-8FDC-42A3-9474-1A3956D46DE8}") = "DataStruct", "DataStruct", "{FE280BA6-FEDA-4829-BBCF-0D25AF543ECF}"
EndProject
Project("{8BC9CEB8-8B4A-11D0-8D11-00A0C91BC942}") = "Simplex", "Simplex\Simplex.vcxproj", "{41386682-2107-4DFA-8851-8F853F5539C4}"
EndProject
Project("{8BC9CEB8-8B4A-11D0-8D11-00A0C91BC942}") = "TwoSat", "TwoSat\TwoSat.vcxproj", "{61B6B577-1EE1-49CC-91D7-4FF34CA57F3A}"
EndProject
Project("{FAE04EC0-301F-11D3-BF4B-00C04F79EFBC}") = "OISharp", "OISharp\OISharp.csproj", "{0B1D0E66-93F5-485E-A346-07589C711442}"
EndProject
Project("{8BC9CEB8-8B4A-11D0-8D11-00A0C91BC942}") = "StandSource", "StandSource\StandSource.vcxproj", "{9DE4F0C0-5473-433F-88EA-74ED1DA66C55}"
EndProject
Project("{FAE04EC0-301F-11D3-BF4B-00C04F79EFBC}") = "Checker", "Checker\Checker.csproj", "{8BC56F94-8743-436E-82F1-ECF76D905CB9}"
EndProject
Project("{8BC9CEB8-8B4A-11D0-8D11-00A0C91BC942}") = "LinkCutTree", "LinkCutTree\LinkCutTree.vcxproj", "{EB9177CD-B7A1-4D1F-A757-4CFF17E1A950}"
EndProject
Project("{8BC9CEB8-8B4A-11D0-8D11-00A0C91BC942}") = "MST", "MST\MST.vcxproj", "{BDFE9930-ABC4-4561-A099-4C488EB82296}"
EndProject
Project("{2150E333-8FDC-42A3-9474-1A3956D46DE8}") = "Math", "Math", "{EADF0F0C-0FF0-4B80-9603-35634B7BCCCA}"
EndProject
Project("{8BC9CEB8-8B4A-11D0-8D11-00A0C91BC942}") = "Phi", "Phi\Phi.vcxproj", "{FF6D09BB-9C1A-43C6-ABDE-4C7FA618EC26}"
EndProject
Project("{8BC9CEB8-8B4A-11D0-8D11-00A0C91BC942}") = "Exgcd", "Exgcd\Exgcd.vcxproj", "{D97459A4-C755-484D-AE6E-75F83567E4E9}"
EndProject
Global
	GlobalSection(SolutionConfigurationPlatforms) = preSolution
		Debug|Any CPU = Debug|Any CPU
		Debug|x64 = Debug|x64
		Debug|x86 = Debug|x86
		Release|Any CPU = Release|Any CPU
		Release|x64 = Release|x64
		Release|x86 = Release|x86
	EndGlobalSection
	GlobalSection(ProjectConfigurationPlatforms) = postSolution
		{1CC91340-79CE-4192-AFFF-B5DEA3661DC7}.Debug|Any CPU.ActiveCfg = Debug|Win32
		{1CC91340-79CE-4192-AFFF-B5DEA3661DC7}.Debug|x64.ActiveCfg = Debug|x64
		{1CC91340-79CE-4192-AFFF-B5DEA3661DC7}.Debug|x64.Build.0 = Debug|x64
		{1CC91340-79CE-4192-AFFF-B5DEA3661DC7}.Debug|x86.ActiveCfg = Debug|Win32
		{1CC91340-79CE-4192-AFFF-B5DEA3661DC7}.Debug|x86.Build.0 = Debug|Win32
		{1CC91340-79CE-4192-AFFF-B5DEA3661DC7}.Release|Any CPU.ActiveCfg = Release|Win32
		{1CC91340-79CE-4192-AFFF-B5DEA3661DC7}.Release|x64.ActiveCfg = Release|x64
		{1CC91340-79CE-4192-AFFF-B5DEA3661DC7}.Release|x64.Build.0 = Release|x64
		{1CC91340-79CE-4192-AFFF-B5DEA3661DC7}.Release|x86.ActiveCfg = Release|Win32
		{1CC91340-79CE-4192-AFFF-B5DEA3661DC7}.Release|x86.Build.0 = Release|Win32
		{22DAC23F-2B7D-4C7A-9DB9-5F6A505D7DA8}.Debug|Any CPU.ActiveCfg = Debug|Win32
		{22DAC23F-2B7D-4C7A-9DB9-5F6A505D7DA8}.Debug|x64.ActiveCfg = Debug|x64
		{22DAC23F-2B7D-4C7A-9DB9-5F6A505D7DA8}.Debug|x64.Build.0 = Debug|x64
		{22DAC23F-2B7D-4C7A-9DB9-5F6A505D7DA8}.Debug|x86.ActiveCfg = Debug|Win32
		{22DAC23F-2B7D-4C7A-9DB9-5F6A505D7DA8}.Debug|x86.Build.0 = Debug|Win32
		{22DAC23F-2B7D-4C7A-9DB9-5F6A505D7DA8}.Release|Any CPU.ActiveCfg = Release|Win32
		{22DAC23F-2B7D-4C7A-9DB9-5F6A505D7DA8}.Release|x64.ActiveCfg = Release|x64
		{22DAC23F-2B7D-4C7A-9DB9-5F6A505D7DA8}.Release|x64.Build.0 = Release|x64
		{22DAC23F-2B7D-4C7A-9DB9-5F6A505D7DA8}.Release|x86.ActiveCfg = Release|Win32
		{22DAC23F-2B7D-4C7A-9DB9-5F6A505D7DA8}.Release|x86.Build.0 = Release|Win32
		{28673F01-042D-417B-9CF2-323236A6CAB6}.Debug|Any CPU.ActiveCfg = Debug|Any CPU
		{28673F01-042D-417B-9CF2-323236A6CAB6}.Debug|Any CPU.Build.0 = Debug|Any CPU
		{28673F01-042D-417B-9CF2-323236A6CAB6}.Debug|x64.ActiveCfg = Debug|Any CPU
		{28673F01-042D-417B-9CF2-323236A6CAB6}.Debug|x64.Build.0 = Debug|Any CPU
		{28673F01-042D-417B-9CF2-323236A6CAB6}.Debug|x86.ActiveCfg = Debug|Any CPU
		{28673F01-042D-417B-9CF2-323236A6CAB6}.Debug|x86.Build.0 = Debug|Any CPU
		{28673F01-042D-417B-9CF2-323236A6CAB6}.Release|Any CPU.ActiveCfg = Release|Any CPU
		{28673F01-042D-417B-9CF2-323236A6CAB6}.Release|Any CPU.Build.0 = Release|Any CPU
		{28673F01-042D-417B-9CF2-323236A6CAB6}.Release|x64.ActiveCfg = Release|Any CPU
		{28673F01-042D-417B-9CF2-323236A6CAB6}.Release|x64.Build.0 = Release|Any CPU
		{28673F01-042D-417B-9CF2-323236A6CAB6}.Release|x86.ActiveCfg = Release|Any CPU
		{28673F01-042D-417B-9CF2-323236A6CAB6}.Release|x86.Build.0 = Release|Any CPU
		{979CADDE-3C41-4518-9C6D-CFC29E53D756}.Debug|Any CPU.ActiveCfg = Debug|Win32
		{979CADDE-3C41-4518-9C6D-CFC29E53D756}.Debug|x64.ActiveCfg = Debug|x64
		{979CADDE-3C41-4518-9C6D-CFC29E53D756}.Debug|x64.Build.0 = Debug|x64
		{979CADDE-3C41-4518-9C6D-CFC29E53D756}.Debug|x86.ActiveCfg = Debug|Win32
		{979CADDE-3C41-4518-9C6D-CFC29E53D756}.Debug|x86.Build.0 = Debug|Win32
		{979CADDE-3C41-4518-9C6D-CFC29E53D756}.Release|Any CPU.ActiveCfg = Release|Win32
		{979CADDE-3C41-4518-9C6D-CFC29E53D756}.Release|x64.ActiveCfg = Release|x64
		{979CADDE-3C41-4518-9C6D-CFC29E53D756}.Release|x64.Build.0 = Release|x64
		{979CADDE-3C41-4518-9C6D-CFC29E53D756}.Release|x86.ActiveCfg = Release|Win32
		{979CADDE-3C41-4518-9C6D-CFC29E53D756}.Release|x86.Build.0 = Release|Win32
		{18D87201-718E-42B2-AAE6-C961819DA398}.Debug|Any CPU.ActiveCfg = Debug|Win32
		{18D87201-718E-42B2-AAE6-C961819DA398}.Debug|x64.ActiveCfg = Debug|x64
		{18D87201-718E-42B2-AAE6-C961819DA398}.Debug|x64.Build.0 = Debug|x64
		{18D87201-718E-42B2-AAE6-C961819DA398}.Debug|x86.ActiveCfg = Debug|Win32
		{18D87201-718E-42B2-AAE6-C961819DA398}.Debug|x86.Build.0 = Debug|Win32
		{18D87201-718E-42B2-AAE6-C961819DA398}.Release|Any CPU.ActiveCfg = Release|Win32
		{18D87201-718E-42B2-AAE6-C961819DA398}.Release|x64.ActiveCfg = Release|x64
		{18D87201-718E-42B2-AAE6-C961819DA398}.Release|x64.Build.0 = Release|x64
		{18D87201-718E-42B2-AAE6-C961819DA398}.Release|x86.ActiveCfg = Release|Win32
		{18D87201-718E-42B2-AAE6-C961819DA398}.Release|x86.Build.0 = Release|Win32
		{8C13BC1A-B2B8-4DCE-95C9-7DB99C15FA1A}.Debug|Any CPU.ActiveCfg = Debug|Win32
		{8C13BC1A-B2B8-4DCE-95C9-7DB99C15FA1A}.Debug|x64.ActiveCfg = Debug|x64
		{8C13BC1A-B2B8-4DCE-95C9-7DB99C15FA1A}.Debug|x64.Build.0 = Debug|x64
		{8C13BC1A-B2B8-4DCE-95C9-7DB99C15FA1A}.Debug|x86.ActiveCfg = Debug|Win32
		{8C13BC1A-B2B8-4DCE-95C9-7DB99C15FA1A}.Debug|x86.Build.0 = Debug|Win32
		{8C13BC1A-B2B8-4DCE-95C9-7DB99C15FA1A}.Release|Any CPU.ActiveCfg = Release|Win32
		{8C13BC1A-B2B8-4DCE-95C9-7DB99C15FA1A}.Release|x64.ActiveCfg = Release|x64
		{8C13BC1A-B2B8-4DCE-95C9-7DB99C15FA1A}.Release|x64.Build.0 = Release|x64
		{8C13BC1A-B2B8-4DCE-95C9-7DB99C15FA1A}.Release|x86.ActiveCfg = Release|Win32
		{8C13BC1A-B2B8-4DCE-95C9-7DB99C15FA1A}.Release|x86.Build.0 = Release|Win32
		{883F1404-EA92-4E67-8398-E257BAE32E15}.Debug|Any CPU.ActiveCfg = Debug|Win32
		{883F1404-EA92-4E67-8398-E257BAE32E15}.Debug|x64.ActiveCfg = Debug|x64
		{883F1404-EA92-4E67-8398-E257BAE32E15}.Debug|x64.Build.0 = Debug|x64
		{883F1404-EA92-4E67-8398-E257BAE32E15}.Debug|x86.ActiveCfg = Debug|Win32
		{883F1404-EA92-4E67-8398-E257BAE32E15}.Debug|x86.Build.0 = Debug|Win32
		{883F1404-EA92-4E67-8398-E257BAE32E15}.Release|Any CPU.ActiveCfg = Release|Win32
		{883F1404-EA92-4E67-8398-E257BAE32E15}.Release|x64.ActiveCfg = Release|x64
		{883F1404-EA92-4E67-8398-E257BAE32E15}.Release|x64.Build.0 = Release|x64
		{883F1404-EA92-4E67-8398-E257BAE32E15}.Release|x86.ActiveCfg = Release|Win32
		{883F1404-EA92-4E67-8398-E257BAE32E15}.Release|x86.Build.0 = Release|Win32
		{58909F2E-0A48-4039-83E6-5557D6F7B9FA}.Debug|Any CPU.ActiveCfg = Debug|Win32
		{58909F2E-0A48-4039-83E6-5557D6F7B9FA}.Debug|x64.ActiveCfg = Debug|x64
		{58909F2E-0A48-4039-83E6-5557D6F7B9FA}.Debug|x64.Build.0 = Debug|x64
		{58909F2E-0A48-4039-83E6-5557D6F7B9FA}.Debug|x86.ActiveCfg = Debug|Win32
		{58909F2E-0A48-4039-83E6-5557D6F7B9FA}.Debug|x86.Build.0 = Debug|Win32
		{58909F2E-0A48-4039-83E6-5557D6F7B9FA}.Release|Any CPU.ActiveCfg = Release|Win32
		{58909F2E-0A48-4039-83E6-5557D6F7B9FA}.Release|x64.ActiveCfg = Release|x64
		{58909F2E-0A48-4039-83E6-5557D6F7B9FA}.Release|x64.Build.0 = Release|x64
		{58909F2E-0A48-4039-83E6-5557D6F7B9FA}.Release|x86.ActiveCfg = Release|Win32
		{58909F2E-0A48-4039-83E6-5557D6F7B9FA}.Release|x86.Build.0 = Release|Win32
		{41386682-2107-4DFA-8851-8F853F5539C4}.Debug|Any CPU.ActiveCfg = Debug|Win32
		{41386682-2107-4DFA-8851-8F853F5539C4}.Debug|x64.ActiveCfg = Debug|x64
		{41386682-2107-4DFA-8851-8F853F5539C4}.Debug|x64.Build.0 = Debug|x64
		{41386682-2107-4DFA-8851-8F853F5539C4}.Debug|x86.ActiveCfg = Debug|Win32
		{41386682-2107-4DFA-8851-8F853F5539C4}.Debug|x86.Build.0 = Debug|Win32
		{41386682-2107-4DFA-8851-8F853F5539C4}.Release|Any CPU.ActiveCfg = Release|Win32
		{41386682-2107-4DFA-8851-8F853F5539C4}.Release|x64.ActiveCfg = Release|x64
		{41386682-2107-4DFA-8851-8F853F5539C4}.Release|x64.Build.0 = Release|x64
		{41386682-2107-4DFA-8851-8F853F5539C4}.Release|x86.ActiveCfg = Release|Win32
		{41386682-2107-4DFA-8851-8F853F5539C4}.Release|x86.Build.0 = Release|Win32
		{61B6B577-1EE1-49CC-91D7-4FF34CA57F3A}.Debug|Any CPU.ActiveCfg = Debug|Win32
		{61B6B577-1EE1-49CC-91D7-4FF34CA57F3A}.Debug|x64.ActiveCfg = Debug|x64
		{61B6B577-1EE1-49CC-91D7-4FF34CA57F3A}.Debug|x64.Build.0 = Debug|x64
		{61B6B577-1EE1-49CC-91D7-4FF34CA57F3A}.Debug|x86.ActiveCfg = Debug|Win32
		{61B6B577-1EE1-49CC-91D7-4FF34CA57F3A}.Debug|x86.Build.0 = Debug|Win32
		{61B6B577-1EE1-49CC-91D7-4FF34CA57F3A}.Release|Any CPU.ActiveCfg = Release|Win32
		{61B6B577-1EE1-49CC-91D7-4FF34CA57F3A}.Release|x64.ActiveCfg = Release|x64
		{61B6B577-1EE1-49CC-91D7-4FF34CA57F3A}.Release|x64.Build.0 = Release|x64
		{61B6B577-1EE1-49CC-91D7-4FF34CA57F3A}.Release|x86.ActiveCfg = Release|Win32
		{61B6B577-1EE1-49CC-91D7-4FF34CA57F3A}.Release|x86.Build.0 = Release|Win32
		{0B1D0E66-93F5-485E-A346-07589C711442}.Debug|Any CPU.ActiveCfg = Debug|Any CPU
		{0B1D0E66-93F5-485E-A346-07589C711442}.Debug|Any CPU.Build.0 = Debug|Any CPU
		{0B1D0E66-93F5-485E-A346-07589C711442}.Debug|x64.ActiveCfg = Debug|Any CPU
		{0B1D0E66-93F5-485E-A346-07589C711442}.Debug|x64.Build.0 = Debug|Any CPU
		{0B1D0E66-93F5-485E-A346-07589C711442}.Debug|x86.ActiveCfg = Debug|Any CPU
		{0B1D0E66-93F5-485E-A346-07589C711442}.Debug|x86.Build.0 = Debug|Any CPU
		{0B1D0E66-93F5-485E-A346-07589C711442}.Release|Any CPU.ActiveCfg = Release|Any CPU
		{0B1D0E66-93F5-485E-A346-07589C711442}.Release|Any CPU.Build.0 = Release|Any CPU
		{0B1D0E66-93F5-485E-A346-07589C711442}.Release|x64.ActiveCfg = Release|Any CPU
		{0B1D0E66-93F5-485E-A346-07589C711442}.Release|x64.Build.0 = Release|Any CPU
		{0B1D0E66-93F5-485E-A346-07589C711442}.Release|x86.ActiveCfg = Release|Any CPU
		{0B1D0E66-93F5-485E-A346-07589C711442}.Release|x86.Build.0 = Release|Any CPU
		{9DE4F0C0-5473-433F-88EA-74ED1DA66C55}.Debug|Any CPU.ActiveCfg = Debug|Win32
		{9DE4F0C0-5473-433F-88EA-74ED1DA66C55}.Debug|x64.ActiveCfg = Debug|x64
		{9DE4F0C0-5473-433F-88EA-74ED1DA66C55}.Debug|x64.Build.0 = Debug|x64
		{9DE4F0C0-5473-433F-88EA-74ED1DA66C55}.Debug|x86.ActiveCfg = Debug|Win32
		{9DE4F0C0-5473-433F-88EA-74ED1DA66C55}.Debug|x86.Build.0 = Debug|Win32
		{9DE4F0C0-5473-433F-88EA-74ED1DA66C55}.Release|Any CPU.ActiveCfg = Release|Win32
		{9DE4F0C0-5473-433F-88EA-74ED1DA66C55}.Release|x64.ActiveCfg = Release|x64
		{9DE4F0C0-5473-433F-88EA-74ED1DA66C55}.Release|x64.Build.0 = Release|x64
		{9DE4F0C0-5473-433F-88EA-74ED1DA66C55}.Release|x86.ActiveCfg = Release|Win32
		{9DE4F0C0-5473-433F-88EA-74ED1DA66C55}.Release|x86.Build.0 = Release|Win32
		{8BC56F94-8743-436E-82F1-ECF76D905CB9}.Debug|Any CPU.ActiveCfg = Debug|Any CPU
		{8BC56F94-8743-436E-82F1-ECF76D905CB9}.Debug|Any CPU.Build.0 = Debug|Any CPU
		{8BC56F94-8743-436E-82F1-ECF76D905CB9}.Debug|x64.ActiveCfg = Debug|Any CPU
		{8BC56F94-8743-436E-82F1-ECF76D905CB9}.Debug|x64.Build.0 = Debug|Any CPU
		{8BC56F94-8743-436E-82F1-ECF76D905CB9}.Debug|x86.ActiveCfg = Debug|Any CPU
		{8BC56F94-8743-436E-82F1-ECF76D905CB9}.Debug|x86.Build.0 = Debug|Any CPU
		{8BC56F94-8743-436E-82F1-ECF76D905CB9}.Release|Any CPU.ActiveCfg = Release|Any CPU
		{8BC56F94-8743-436E-82F1-ECF76D905CB9}.Release|Any CPU.Build.0 = Release|Any CPU
		{8BC56F94-8743-436E-82F1-ECF76D905CB9}.Release|x64.ActiveCfg = Release|Any CPU
		{8BC56F94-8743-436E-82F1-ECF76D905CB9}.Release|x64.Build.0 = Release|Any CPU
		{8BC56F94-8743-436E-82F1-ECF76D905CB9}.Release|x86.ActiveCfg = Release|Any CPU
		{8BC56F94-8743-436E-82F1-ECF76D905CB9}.Release|x86.Build.0 = Release|Any CPU
		{EB9177CD-B7A1-4D1F-A757-4CFF17E1A950}.Debug|Any CPU.ActiveCfg = Debug|Win32
		{EB9177CD-B7A1-4D1F-A757-4CFF17E1A950}.Debug|x64.ActiveCfg = Debug|x64
		{EB9177CD-B7A1-4D1F-A757-4CFF17E1A950}.Debug|x64.Build.0 = Debug|x64
		{EB9177CD-B7A1-4D1F-A757-4CFF17E1A950}.Debug|x86.ActiveCfg = Debug|Win32
		{EB9177CD-B7A1-4D1F-A757-4CFF17E1A950}.Debug|x86.Build.0 = Debug|Win32
		{EB9177CD-B7A1-4D1F-A757-4CFF17E1A950}.Release|Any CPU.ActiveCfg = Release|Win32
		{EB9177CD-B7A1-4D1F-A757-4CFF17E1A950}.Release|x64.ActiveCfg = Release|x64
		{EB9177CD-B7A1-4D1F-A757-4CFF17E1A950}.Release|x64.Build.0 = Release|x64
		{EB9177CD-B7A1-4D1F-A757-4CFF17E1A950}.Release|x86.ActiveCfg = Release|Win32
		{EB9177CD-B7A1-4D1F-A757-4CFF17E1A950}.Release|x86.Build.0 = Release|Win32
		{BDFE9930-ABC4-4561-A099-4C488EB82296}.Debug|Any CPU.ActiveCfg = Debug|Win32
		{BDFE9930-ABC4-4561-A099-4C488EB82296}.Debug|x64.ActiveCfg = Debug|x64
		{BDFE9930-ABC4-4561-A099-4C488EB82296}.Debug|x64.Build.0 = Debug|x64
		{BDFE9930-ABC4-4561-A099-4C488EB82296}.Debug|x86.ActiveCfg = Debug|Win32
		{BDFE9930-ABC4-4561-A099-4C488EB82296}.Debug|x86.Build.0 = Debug|Win32
		{BDFE9930-ABC4-4561-A099-4C488EB82296}.Release|Any CPU.ActiveCfg = Release|Win32
		{BDFE9930-ABC4-4561-A099-4C488EB82296}.Release|x64.ActiveCfg = Release|x64
		{BDFE9930-ABC4-4561-A099-4C488EB82296}.Release|x64.Build.0 = Release|x64
		{BDFE9930-ABC4-4561-A099-4C488EB82296}.Release|x86.ActiveCfg = Release|Win32
		{BDFE9930-ABC4-4561-A099-4C488EB82296}.Release|x86.Build.0 = Release|Win32
		{FF6D09BB-9C1A-43C6-ABDE-4C7FA618EC26}.Debug|Any CPU.ActiveCfg = Debug|Win32
		{FF6D09BB-9C1A-43C6-ABDE-4C7FA618EC26}.Debug|x64.ActiveCfg = Debug|x64
		{FF6D09BB-9C1A-43C6-ABDE-4C7FA618EC26}.Debug|x64.Build.0 = Debug|x64
		{FF6D09BB-9C1A-43C6-ABDE-4C7FA618EC26}.Debug|x86.ActiveCfg = Debug|Win32
		{FF6D09BB-9C1A-43C6-ABDE-4C7FA618EC26}.Debug|x86.Build.0 = Debug|Win32
		{FF6D09BB-9C1A-43C6-ABDE-4C7FA618EC26}.Release|Any CPU.ActiveCfg = Release|Win32
		{FF6D09BB-9C1A-43C6-ABDE-4C7FA618EC26}.Release|x64.ActiveCfg = Release|x64
		{FF6D09BB-9C1A-43C6-ABDE-4C7FA618EC26}.Release|x64.Build.0 = Release|x64
		{FF6D09BB-9C1A-43C6-ABDE-4C7FA618EC26}.Release|x86.ActiveCfg = Release|Win32
		{FF6D09BB-9C1A-43C6-ABDE-4C7FA618EC26}.Release|x86.Build.0 = Release|Win32
		{D97459A4-C755-484D-AE6E-75F83567E4E9}.Debug|Any CPU.ActiveCfg = Debug|Win32
		{D97459A4-C755-484D-AE6E-75F83567E4E9}.Debug|x64.ActiveCfg = Debug|x64
		{D97459A4-C755-484D-AE6E-75F83567E4E9}.Debug|x64.Build.0 = Debug|x64
		{D97459A4-C755-484D-AE6E-75F83567E4E9}.Debug|x86.ActiveCfg = Debug|Win32
		{D97459A4-C755-484D-AE6E-75F83567E4E9}.Debug|x86.Build.0 = Debug|Win32
		{D97459A4-C755-484D-AE6E-75F83567E4E9}.Release|Any CPU.ActiveCfg = Release|Win32
		{D97459A4-C755-484D-AE6E-75F83567E4E9}.Release|x64.ActiveCfg = Release|x64
		{D97459A4-C755-484D-AE6E-75F83567E4E9}.Release|x64.Build.0 = Release|x64
		{D97459A4-C755-484D-AE6E-75F83567E4E9}.Release|x86.ActiveCfg = Release|Win32
		{D97459A4-C755-484D-AE6E-75F83567E4E9}.Release|x86.Build.0 = Release|Win32
	EndGlobalSection
	GlobalSection(SolutionProperties) = preSolution
		HideSolutionNode = FALSE
	EndGlobalSection
	GlobalSection(NestedProjects) = preSolution
		{1CC91340-79CE-4192-AFFF-B5DEA3661DC7} = {CF43F250-F3CD-4A2B-A9F3-E5CA72676848}
		{22DAC23F-2B7D-4C7A-9DB9-5F6A505D7DA8} = {F8627B9D-4255-4E5B-88DE-3FA99EB85E0A}
		{28673F01-042D-417B-9CF2-323236A6CAB6} = {8D1D94FC-71C2-4B2D-80B7-E66FAA69B091}
		{979CADDE-3C41-4518-9C6D-CFC29E53D756} = {F8627B9D-4255-4E5B-88DE-3FA99EB85E0A}
		{18D87201-718E-42B2-AAE6-C961819DA398} = {F8627B9D-4255-4E5B-88DE-3FA99EB85E0A}
		{8C13BC1A-B2B8-4DCE-95C9-7DB99C15FA1A} = {F8627B9D-4255-4E5B-88DE-3FA99EB85E0A}
		{F8627B9D-4255-4E5B-88DE-3FA99EB85E0A} = {CF43F250-F3CD-4A2B-A9F3-E5CA72676848}
		{883F1404-EA92-4E67-8398-E257BAE32E15} = {F8627B9D-4255-4E5B-88DE-3FA99EB85E0A}
		{58909F2E-0A48-4039-83E6-5557D6F7B9FA} = {F8627B9D-4255-4E5B-88DE-3FA99EB85E0A}
		{FE280BA6-FEDA-4829-BBCF-0D25AF543ECF} = {CF43F250-F3CD-4A2B-A9F3-E5CA72676848}
		{41386682-2107-4DFA-8851-8F853F5539C4} = {F8627B9D-4255-4E5B-88DE-3FA99EB85E0A}
		{61B6B577-1EE1-49CC-91D7-4FF34CA57F3A} = {F8627B9D-4255-4E5B-88DE-3FA99EB85E0A}
		{0B1D0E66-93F5-485E-A346-07589C711442} = {8D1D94FC-71C2-4B2D-80B7-E66FAA69B091}
		{9DE4F0C0-5473-433F-88EA-74ED1DA66C55} = {CF43F250-F3CD-4A2B-A9F3-E5CA72676848}
		{8BC56F94-8743-436E-82F1-ECF76D905CB9} = {8D1D94FC-71C2-4B2D-80B7-E66FAA69B091}
		{EB9177CD-B7A1-4D1F-A757-4CFF17E1A950} = {FE280BA6-FEDA-4829-BBCF-0D25AF543ECF}
		{BDFE9930-ABC4-4561-A099-4C488EB82296} = {F8627B9D-4255-4E5B-88DE-3FA99EB85E0A}
		{EADF0F0C-0FF0-4B80-9603-35634B7BCCCA} = {CF43F250-F3CD-4A2B-A9F3-E5CA72676848}
		{FF6D09BB-9C1A-43C6-ABDE-4C7FA618EC26} = {EADF0F0C-0FF0-4B80-9603-35634B7BCCCA}
		{D97459A4-C755-484D-AE6E-75F83567E4E9} = {EADF0F0C-0FF0-4B80-9603-35634B7BCCCA}
	EndGlobalSection
EndGlobal
